
Microsoft Visual Studio Solution File, Format Version 12.00
# Visual Studio Version 17
VisualStudioVersion = 17.14.36401.2 d17.14
MinimumVisualStudioVersion = 10.0.40219.1
Project("{FAE04EC0-301F-11D3-BF4B-00C04F79EFBC}") = "KossanVMS", "KossanVMS\KossanVMS.csproj", "{540668DB-02C0-4312-AF07-32C421FDF896}"
EndProject
Global
	GlobalSection(SolutionConfigurationPlatforms) = preSolution
		Debug|Any CPU = Debug|Any CPU
		Release|Any CPU = Release|Any CPU
	EndGlobalSection
	GlobalSection(ProjectConfigurationPlatforms) = postSolution
		{540668DB-02C0-4312-AF07-32C421FDF896}.Debug|Any CPU.ActiveCfg = Debug|Any CPU
		{540668DB-02C0-4312-AF07-32C421FDF896}.Debug|Any CPU.Build.0 = Debug|Any CPU
		{540668DB-02C0-4312-AF07-32C421FDF896}.Release|Any CPU.ActiveCfg = Release|Any CPU
		{540668DB-02C0-4312-AF07-32C421FDF896}.Release|Any CPU.Build.0 = Release|Any CPU
	EndGlobalSection
	GlobalSection(SolutionProperties) = preSolution
		HideSolutionNode = FALSE
	EndGlobalSection
	GlobalSection(ExtensibilityGlobals) = postSolution
		SolutionGuid = {0CAD2B78-700B-4AFA-9AA3-14C60CBAAE98}
	EndGlobalSection
EndGlobal
